// !$*UTF8*$!
{
	archiveVersion = 1;
	classes = {
	};
	objectVersion = 50;
	objects = {

/* Begin PBXBuildFile section */
		67E7ACBC2165661900DCBDA9 /* AppDelegate.swift in Sources */ = {isa = PBXBuildFile; fileRef = 67E7ACBB2165661900DCBDA9 /* AppDelegate.swift */; };
		67E7ACC12165661900DCBDA9 /* Main.storyboard in Resources */ = {isa = PBXBuildFile; fileRef = 67E7ACBF2165661900DCBDA9 /* Main.storyboard */; };
		67E7ACC32165661A00DCBDA9 /* Assets.xcassets in Resources */ = {isa = PBXBuildFile; fileRef = 67E7ACC22165661A00DCBDA9 /* Assets.xcassets */; };
		67E7ACC62165661A00DCBDA9 /* LaunchScreen.storyboard in Resources */ = {isa = PBXBuildFile; fileRef = 67E7ACC42165661A00DCBDA9 /* LaunchScreen.storyboard */; };
		67E7ACD12165663A00DCBDA9 /* ParrotListViewController.swift in Sources */ = {isa = PBXBuildFile; fileRef = 67E7ACCD2165663A00DCBDA9 /* ParrotListViewController.swift */; };
		67E7ACD22165663A00DCBDA9 /* ParrotPhotoCollectionViewCell.xib in Resources */ = {isa = PBXBuildFile; fileRef = 67E7ACCF2165663A00DCBDA9 /* ParrotPhotoCollectionViewCell.xib */; };
		67E7ACD32165663A00DCBDA9 /* ParrotPhotoCollectionViewCell.swift in Sources */ = {isa = PBXBuildFile; fileRef = 67E7ACD02165663A00DCBDA9 /* ParrotPhotoCollectionViewCell.swift */; };
		67E7ACD62165664400DCBDA9 /* EEZoomableImageView.swift in Sources */ = {isa = PBXBuildFile; fileRef = 67E7ACD52165664400DCBDA9 /* EEZoomableImageView.swift */; };
		67E7ACDA2165689A00DCBDA9 /* BigImageViewController.swift in Sources */ = {isa = PBXBuildFile; fileRef = 67E7ACD72165666300DCBDA9 /* BigImageViewController.swift */; };
/* End PBXBuildFile section */

/* Begin PBXFileReference section */
		67E7ACB82165661900DCBDA9 /* EEZoomableImageView.app */ = {isa = PBXFileReference; explicitFileType = wrapper.application; includeInIndex = 0; path = EEZoomableImageView.app; sourceTree = BUILT_PRODUCTS_DIR; };
		67E7ACBB2165661900DCBDA9 /* AppDelegate.swift */ = {isa = PBXFileReference; lastKnownFileType = sourcecode.swift; path = AppDelegate.swift; sourceTree = "<group>"; };
		67E7ACC02165661900DCBDA9 /* Base */ = {isa = PBXFileReference; lastKnownFileType = file.storyboard; name = Base; path = Base.lproj/Main.storyboard; sourceTree = "<group>"; };
		67E7ACC22165661A00DCBDA9 /* Assets.xcassets */ = {isa = PBXFileReference; lastKnownFileType = folder.assetcatalog; path = Assets.xcassets; sourceTree = "<group>"; };
		67E7ACC52165661A00DCBDA9 /* Base */ = {isa = PBXFileReference; lastKnownFileType = file.storyboard; name = Base; path = Base.lproj/LaunchScreen.storyboard; sourceTree = "<group>"; };
		67E7ACC72165661A00DCBDA9 /* Info.plist */ = {isa = PBXFileReference; lastKnownFileType = text.plist.xml; path = Info.plist; sourceTree = "<group>"; };
		67E7ACCD2165663A00DCBDA9 /* ParrotListViewController.swift */ = {isa = PBXFileReference; fileEncoding = 4; lastKnownFileType = sourcecode.swift; path = ParrotListViewController.swift; sourceTree = "<group>"; };
		67E7ACCF2165663A00DCBDA9 /* ParrotPhotoCollectionViewCell.xib */ = {isa = PBXFileReference; fileEncoding = 4; lastKnownFileType = file.xib; path = ParrotPhotoCollectionViewCell.xib; sourceTree = "<group>"; };
		67E7ACD02165663A00DCBDA9 /* ParrotPhotoCollectionViewCell.swift */ = {isa = PBXFileReference; fileEncoding = 4; lastKnownFileType = sourcecode.swift; path = ParrotPhotoCollectionViewCell.swift; sourceTree = "<group>"; };
		67E7ACD52165664400DCBDA9 /* EEZoomableImageView.swift */ = {isa = PBXFileReference; fileEncoding = 4; lastKnownFileType = sourcecode.swift; path = EEZoomableImageView.swift; sourceTree = "<group>"; };
		67E7ACD72165666300DCBDA9 /* BigImageViewController.swift */ = {isa = PBXFileReference; fileEncoding = 4; lastKnownFileType = sourcecode.swift; path = BigImageViewController.swift; sourceTree = "<group>"; };
/* End PBXFileReference section */

/* Begin PBXFrameworksBuildPhase section */
		67E7ACB52165661900DCBDA9 /* Frameworks */ = {
			isa = PBXFrameworksBuildPhase;
			buildActionMask = 2147483647;
			files = (
			);
			runOnlyForDeploymentPostprocessing = 0;
		};
/* End PBXFrameworksBuildPhase section */

/* Begin PBXGroup section */
		67E7ACAF2165661900DCBDA9 = {
			isa = PBXGroup;
			children = (
				67E7ACBA2165661900DCBDA9 /* EEZoomableImageView */,
				67E7ACB92165661900DCBDA9 /* Products */,
			);
			sourceTree = "<group>";
		};
		67E7ACB92165661900DCBDA9 /* Products */ = {
			isa = PBXGroup;
			children = (
				67E7ACB82165661900DCBDA9 /* EEZoomableImageView.app */,
			);
			name = Products;
			sourceTree = "<group>";
		};
		67E7ACBA2165661900DCBDA9 /* EEZoomableImageView */ = {
			isa = PBXGroup;
			children = (
				67E7ACBB2165661900DCBDA9 /* AppDelegate.swift */,
				67E7ACD92165679400DCBDA9 /* View Controllers */,
				67E7ACD42165664400DCBDA9 /* EEZoomableImageView */,
				67E7ACCE2165663A00DCBDA9 /* ParrotPhotoCollectionViewCell */,
				67E7ACBF2165661900DCBDA9 /* Main.storyboard */,
				67E7ACC22165661A00DCBDA9 /* Assets.xcassets */,
				67E7ACC42165661A00DCBDA9 /* LaunchScreen.storyboard */,
				67E7ACC72165661A00DCBDA9 /* Info.plist */,
			);
			path = EEZoomableImageView;
			sourceTree = "<group>";
		};
		67E7ACCE2165663A00DCBDA9 /* ParrotPhotoCollectionViewCell */ = {
			isa = PBXGroup;
			children = (
				67E7ACCF2165663A00DCBDA9 /* ParrotPhotoCollectionViewCell.xib */,
				67E7ACD02165663A00DCBDA9 /* ParrotPhotoCollectionViewCell.swift */,
			);
			path = ParrotPhotoCollectionViewCell;
			sourceTree = "<group>";
		};
		67E7ACD42165664400DCBDA9 /* EEZoomableImageView */ = {
			isa = PBXGroup;
			children = (
				67E7ACD52165664400DCBDA9 /* EEZoomableImageView.swift */,
			);
			path = EEZoomableImageView;
			sourceTree = "<group>";
		};
		67E7ACD92165679400DCBDA9 /* View Controllers */ = {
			isa = PBXGroup;
			children = (
				67E7ACCD2165663A00DCBDA9 /* ParrotListViewController.swift */,
				67E7ACD72165666300DCBDA9 /* BigImageViewController.swift */,
			);
			path = "View Controllers";
			sourceTree = "<group>";
		};
/* End PBXGroup section */

/* Begin PBXNativeTarget section */
		67E7ACB72165661900DCBDA9 /* EEZoomableImageView */ = {
			isa = PBXNativeTarget;
			buildConfigurationList = 67E7ACCA2165661A00DCBDA9 /* Build configuration list for PBXNativeTarget "EEZoomableImageView" */;
			buildPhases = (
				67E7ACB42165661900DCBDA9 /* Sources */,
				67E7ACB52165661900DCBDA9 /* Frameworks */,
				67E7ACB62165661900DCBDA9 /* Resources */,
			);
			buildRules = (
			);
			dependencies = (
			);
			name = EEZoomableImageView;
			productName = EEZoomableImageView;
			productReference = 67E7ACB82165661900DCBDA9 /* EEZoomableImageView.app */;
			productType = "com.apple.product-type.application";
		};
/* End PBXNativeTarget section */

/* Begin PBXProject section */
		67E7ACB02165661900DCBDA9 /* Project object */ = {
			isa = PBXProject;
			attributes = {
				LastSwiftUpdateCheck = 1000;
				LastUpgradeCheck = 1000;
				ORGANIZATIONNAME = Emre;
				TargetAttributes = {
					67E7ACB72165661900DCBDA9 = {
						CreatedOnToolsVersion = 10.0;
					};
				};
			};
			buildConfigurationList = 67E7ACB32165661900DCBDA9 /* Build configuration list for PBXProject "EEZoomableImageView" */;
			compatibilityVersion = "Xcode 9.3";
			developmentRegion = en;
			hasScannedForEncodings = 0;
			knownRegions = (
				en,
				Base,
			);
			mainGroup = 67E7ACAF2165661900DCBDA9;
			productRefGroup = 67E7ACB92165661900DCBDA9 /* Products */;
			projectDirPath = "";
			projectRoot = "";
			targets = (
				67E7ACB72165661900DCBDA9 /* EEZoomableImageView */,
			);
		};
/* End PBXProject section */

/* Begin PBXResourcesBuildPhase section */
		67E7ACB62165661900DCBDA9 /* Resources */ = {
			isa = PBXResourcesBuildPhase;
			buildActionMask = 2147483647;
			files = (
				67E7ACC62165661A00DCBDA9 /* LaunchScreen.storyboard in Resources */,
				67E7ACD22165663A00DCBDA9 /* ParrotPhotoCollectionViewCell.xib in Resources */,
				67E7ACC32165661A00DCBDA9 /* Assets.xcassets in Resources */,
				67E7ACC12165661900DCBDA9 /* Main.storyboard in Resources */,
			);
			runOnlyForDeploymentPostprocessing = 0;
		};
/* End PBXResourcesBuildPhase section */

/* Begin PBXSourcesBuildPhase section */
		67E7ACB42165661900DCBDA9 /* Sources */ = {
			isa = PBXSourcesBuildPhase;
			buildActionMask = 2147483647;
			files = (
				67E7ACDA2165689A00DCBDA9 /* BigImageViewController.swift in Sources */,
				67E7ACD12165663A00DCBDA9 /* ParrotListViewController.swift in Sources */,
				67E7ACD62165664400DCBDA9 /* EEZoomableImageView.swift in Sources */,
				67E7ACBC2165661900DCBDA9 /* AppDelegate.swift in Sources */,
				67E7ACD32165663A00DCBDA9 /* ParrotPhotoCollectionViewCell.swift in Sources */,
			);
			runOnlyForDeploymentPostprocessing = 0;
		};
/* End PBXSourcesBuildPhase section */

/* Begin PBXVariantGroup section */
		67E7ACBF2165661900DCBDA9 /* Main.storyboard */ = {
			isa = PBXVariantGroup;
			children = (
				67E7ACC02165661900DCBDA9 /* Base */,
			);
			name = Main.storyboard;
			sourceTree = "<group>";
		};
		67E7ACC42165661A00DCBDA9 /* LaunchScreen.storyboard */ = {
			isa = PBXVariantGroup;
			children = (
				67E7ACC52165661A00DCBDA9 /* Base */,
			);
			name = LaunchScreen.storyboard;
			sourceTree = "<group>";
		};
/* End PBXVariantGroup section */

/* Begin XCBuildConfiguration section */
		67E7ACC82165661A00DCBDA9 /* Debug */ = {
			isa = XCBuildConfiguration;
			buildSettings = {
				ALWAYS_SEARCH_USER_PATHS = NO;
				CLANG_ANALYZER_NONNULL = YES;
				CLANG_ANALYZER_NUMBER_OBJECT_CONVERSION = YES_AGGRESSIVE;
				CLANG_CXX_LANGUAGE_STANDARD = "gnu++14";
				CLANG_CXX_LIBRARY = "libc++";
				CLANG_ENABLE_MODULES = YES;
				CLANG_ENABLE_OBJC_ARC = YES;
				CLANG_ENABLE_OBJC_WEAK = YES;
				CLANG_WARN_BLOCK_CAPTURE_AUTORELEASING = YES;
				CLANG_WARN_BOOL_CONVERSION = YES;
				CLANG_WARN_COMMA = YES;
				CLANG_WARN_CONSTANT_CONVERSION = YES;
				CLANG_WARN_DEPRECATED_OBJC_IMPLEMENTATIONS = YES;
				CLANG_WARN_DIRECT_OBJC_ISA_USAGE = YES_ERROR;
				CLANG_WARN_DOCUMENTATION_COMMENTS = YES;
				CLANG_WARN_EMPTY_BODY = YES;
				CLANG_WARN_ENUM_CONVERSION = YES;
				CLANG_WARN_INFINITE_RECURSION = YES;
				CLANG_WARN_INT_CONVERSION = YES;
				CLANG_WARN_NON_LITERAL_NULL_CONVERSION = YES;
				CLANG_WARN_OBJC_IMPLICIT_RETAIN_SELF = YES;
				CLANG_WARN_OBJC_LITERAL_CONVERSION = YES;
				CLANG_WARN_OBJC_ROOT_CLASS = YES_ERROR;
				CLANG_WARN_RANGE_LOOP_ANALYSIS = YES;
				CLANG_WARN_STRICT_PROTOTYPES = YES;
				CLANG_WARN_SUSPICIOUS_MOVE = YES;
				CLANG_WARN_UNGUARDED_AVAILABILITY = YES_AGGRESSIVE;
				CLANG_WARN_UNREACHABLE_CODE = YES;
				CLANG_WARN__DUPLICATE_METHOD_MATCH = YES;
				CODE_SIGN_IDENTITY = "iPhone Developer";
				COPY_PHASE_STRIP = NO;
				DEBUG_INFORMATION_FORMAT = dwarf;
				ENABLE_STRICT_OBJC_MSGSEND = YES;
				ENABLE_TESTABILITY = YES;
				GCC_C_LANGUAGE_STANDARD = gnu11;
				GCC_DYNAMIC_NO_PIC = NO;
				GCC_NO_COMMON_BLOCKS = YES;
				GCC_OPTIMIZATION_LEVEL = 0;
				GCC_PREPROCESSOR_DEFINITIONS = (
					"DEBUG=1",
					"$(inherited)",
				);
				GCC_WARN_64_TO_32_BIT_CONVERSION = YES;
				GCC_WARN_ABOUT_RETURN_TYPE = YES_ERROR;
				GCC_WARN_UNDECLARED_SELECTOR = YES;
				GCC_WARN_UNINITIALIZED_AUTOS = YES_AGGRESSIVE;
				GCC_WARN_UNUSED_FUNCTION = YES;
				GCC_WARN_UNUSED_VARIABLE = YES;
				IPHONEOS_DEPLOYMENT_TARGET = 10.0;
				MTL_ENABLE_DEBUG_INFO = INCLUDE_SOURCE;
				MTL_FAST_MATH = YES;
				ONLY_ACTIVE_ARCH = YES;
				SDKROOT = iphoneos;
				SWIFT_ACTIVE_COMPILATION_CONDITIONS = DEBUG;
				SWIFT_OPTIMIZATION_LEVEL = "-Onone";
			};
			name = Debug;
		};
		67E7ACC92165661A00DCBDA9 /* Release */ = {
			isa = XCBuildConfiguration;
			buildSettings = {
				ALWAYS_SEARCH_USER_PATHS = NO;
				CLANG_ANALYZER_NONNULL = YES;
				CLANG_ANALYZER_NUMBER_OBJECT_CONVERSION = YES_AGGRESSIVE;
				CLANG_CXX_LANGUAGE_STANDARD = "gnu++14";
				CLANG_CXX_LIBRARY = "libc++";
				CLANG_ENABLE_MODULES = YES;
				CLANG_ENABLE_OBJC_ARC = YES;
				CLANG_ENABLE_OBJC_WEAK = YES;
				CLANG_WARN_BLOCK_CAPTURE_AUTORELEASING = YES;
				CLANG_WARN_BOOL_CONVERSION = YES;
				CLANG_WARN_COMMA = YES;
				CLANG_WARN_CONSTANT_CONVERSION = YES;
				CLANG_WARN_DEPRECATED_OBJC_IMPLEMENTATIONS = YES;
				CLANG_WARN_DIRECT_OBJC_ISA_USAGE = YES_ERROR;
				CLANG_WARN_DOCUMENTATION_COMMENTS = YES;
				CLANG_WARN_EMPTY_BODY = YES;
				CLANG_WARN_ENUM_CONVERSION = YES;
				CLANG_WARN_INFINITE_RECURSION = YES;
				CLANG_WARN_INT_CONVERSION = YES;
				CLANG_WARN_NON_LITERAL_NULL_CONVERSION = YES;
				CLANG_WARN_OBJC_IMPLICIT_RETAIN_SELF = YES;
				CLANG_WARN_OBJC_LITERAL_CONVERSION = YES;
				CLANG_WARN_OBJC_ROOT_CLASS = YES_ERROR;
				CLANG_WARN_RANGE_LOOP_ANALYSIS = YES;
				CLANG_WARN_STRICT_PROTOTYPES = YES;
				CLANG_WARN_SUSPICIOUS_MOVE = YES;
				CLANG_WARN_UNGUARDED_AVAILABILITY = YES_AGGRESSIVE;
				CLANG_WARN_UNREACHABLE_CODE = YES;
				CLANG_WARN__DUPLICATE_METHOD_MATCH = YES;
				CODE_SIGN_IDENTITY = "iPhone Developer";
				COPY_PHASE_STRIP = NO;
				DEBUG_INFORMATION_FORMAT = "dwarf-with-dsym";
				ENABLE_NS_ASSERTIONS = NO;
				ENABLE_STRICT_OBJC_MSGSEND = YES;
				GCC_C_LANGUAGE_STANDARD = gnu11;
				GCC_NO_COMMON_BLOCKS = YES;
				GCC_WARN_64_TO_32_BIT_CONVERSION = YES;
				GCC_WARN_ABOUT_RETURN_TYPE = YES_ERROR;
				GCC_WARN_UNDECLARED_SELECTOR = YES;
				GCC_WARN_UNINITIALIZED_AUTOS = YES_AGGRESSIVE;
				GCC_WARN_UNUSED_FUNCTION = YES;
				GCC_WARN_UNUSED_VARIABLE = YES;
				IPHONEOS_DEPLOYMENT_TARGET = 10.0;
				MTL_ENABLE_DEBUG_INFO = NO;
				MTL_FAST_MATH = YES;
				SDKROOT = iphoneos;
				SWIFT_COMPILATION_MODE = wholemodule;
				SWIFT_OPTIMIZATION_LEVEL = "-O";
				VALIDATE_PRODUCT = YES;
			};
			name = Release;
		};
		67E7ACCB2165661A00DCBDA9 /* Debug */ = {
			isa = XCBuildConfiguration;
			buildSettings = {
				ASSETCATALOG_COMPILER_APPICON_NAME = AppIcon;
				CODE_SIGN_STYLE = Automatic;
				DEVELOPMENT_TEAM = TL5WBK3BS7;
				INFOPLIST_FILE = EEZoomableImageView/Info.plist;
				IPHONEOS_DEPLOYMENT_TARGET = 10.0;
				LD_RUNPATH_SEARCH_PATHS = (
					"$(inherited)",
					"@executable_path/Frameworks",
				);
				PRODUCT_BUNDLE_IDENTIFIER = FUREM.EEZoomableImageView;
				PRODUCT_NAME = "$(TARGET_NAME)";
				SWIFT_VERSION = 5.0;
				TARGETED_DEVICE_FAMILY = "1,2";
			};
			name = Debug;
		};
		67E7ACCC2165661A00DCBDA9 /* Release */ = {
			isa = XCBuildConfiguration;
			buildSettings = {
				ASSETCATALOG_COMPILER_APPICON_NAME = AppIcon;
				CODE_SIGN_STYLE = Automatic;
				DEVELOPMENT_TEAM = TL5WBK3BS7;
				INFOPLIST_FILE = EEZoomableImageView/Info.plist;
				IPHONEOS_DEPLOYMENT_TARGET = 10.0;
				LD_RUNPATH_SEARCH_PATHS = (
					"$(inherited)",
					"@executable_path/Frameworks",
				);
				PRODUCT_BUNDLE_IDENTIFIER = FUREM.EEZoomableImageView;
				PRODUCT_NAME = "$(TARGET_NAME)";
				SWIFT_VERSION = 5.0;
				TARGETED_DEVICE_FAMILY = "1,2";
			};
			name = Release;
		};
/* End XCBuildConfiguration section */

/* Begin XCConfigurationList section */
		67E7ACB32165661900DCBDA9 /* Build configuration list for PBXProject "EEZoomableImageView" */ = {
			isa = XCConfigurationList;
			buildConfigurations = (
				67E7ACC82165661A00DCBDA9 /* Debug */,
				67E7ACC92165661A00DCBDA9 /* Release */,
			);
			defaultConfigurationIsVisible = 0;
			defaultConfigurationName = Release;
		};
		67E7ACCA2165661A00DCBDA9 /* Build configuration list for PBXNativeTarget "EEZoomableImageView" */ = {
			isa = XCConfigurationList;
			buildConfigurations = (
				67E7ACCB2165661A00DCBDA9 /* Debug */,
				67E7ACCC2165661A00DCBDA9 /* Release */,
			);
			defaultConfigurationIsVisible = 0;
			defaultConfigurationName = Release;
		};
/* End XCConfigurationList section */
	};
	rootObject = 67E7ACB02165661900DCBDA9 /* Project object */;
}
